
Microsoft Visual Studio Solution File, Format Version 12.00
# Visual Studio Express 2013 for Windows Desktop
VisualStudioVersion = 12.0.31101.0
MinimumVisualStudioVersion = 10.0.40219.1
Project("{FAE04EC0-301F-11D3-BF4B-00C04F79EFBC}") = "TopTal_Framework", "TopTal_Framework\TopTal_Framework.csproj", "{CE90F6A6-473C-459D-9836-3E957B51DE89}"
EndProject
Project("{FAE04EC0-301F-11D3-BF4B-00C04F79EFBC}") = "Logger", "Logger\Logger.csproj", "{AEA91865-2555-45B5-8516-A00B471DE20A}"
EndProject
Project("{FAE04EC0-301F-11D3-BF4B-00C04F79EFBC}") = "debugger", "debugger\debugger.csproj", "{2CFE51ED-99A1-443A-928D-C6DE0E813EA0}"
EndProject
Project("{FAE04EC0-301F-11D3-BF4B-00C04F79EFBC}") = "TopTal_TestCases", "TopTal_TestCases\TopTal_TestCases.csproj", "{E89B9D08-DD2F-4326-B72B-F3634799B11F}"
EndProject
Project("{2150E333-8FDC-42A3-9474-1A3956D46DE8}") = ".nuget", ".nuget", "{CD2A5A25-5045-4F8D-8D06-28E4C201744F}"
	ProjectSection(SolutionItems) = preProject
		.nuget\packages.config = .nuget\packages.config
	EndProjectSection
EndProject
Global
	GlobalSection(SolutionConfigurationPlatforms) = preSolution
		Debug|Any CPU = Debug|Any CPU
		Release|Any CPU = Release|Any CPU
	EndGlobalSection
	GlobalSection(ProjectConfigurationPlatforms) = postSolution
		{CE90F6A6-473C-459D-9836-3E957B51DE89}.Debug|Any CPU.ActiveCfg = Debug|Any CPU
		{CE90F6A6-473C-459D-9836-3E957B51DE89}.Debug|Any CPU.Build.0 = Debug|Any CPU
		{CE90F6A6-473C-459D-9836-3E957B51DE89}.Release|Any CPU.ActiveCfg = Release|Any CPU
		{CE90F6A6-473C-459D-9836-3E957B51DE89}.Release|Any CPU.Build.0 = Release|Any CPU
		{AEA91865-2555-45B5-8516-A00B471DE20A}.Debug|Any CPU.ActiveCfg = Debug|Any CPU
		{AEA91865-2555-45B5-8516-A00B471DE20A}.Debug|Any CPU.Build.0 = Debug|Any CPU
		{AEA91865-2555-45B5-8516-A00B471DE20A}.Release|Any CPU.ActiveCfg = Release|Any CPU
		{AEA91865-2555-45B5-8516-A00B471DE20A}.Release|Any CPU.Build.0 = Release|Any CPU
		{2CFE51ED-99A1-443A-928D-C6DE0E813EA0}.Debug|Any CPU.ActiveCfg = Debug|Any CPU
		{2CFE51ED-99A1-443A-928D-C6DE0E813EA0}.Debug|Any CPU.Build.0 = Debug|Any CPU
		{2CFE51ED-99A1-443A-928D-C6DE0E813EA0}.Release|Any CPU.ActiveCfg = Release|Any CPU
		{2CFE51ED-99A1-443A-928D-C6DE0E813EA0}.Release|Any CPU.Build.0 = Release|Any CPU
		{E89B9D08-DD2F-4326-B72B-F3634799B11F}.Debug|Any CPU.ActiveCfg = Debug|Any CPU
		{E89B9D08-DD2F-4326-B72B-F3634799B11F}.Debug|Any CPU.Build.0 = Debug|Any CPU
		{E89B9D08-DD2F-4326-B72B-F3634799B11F}.Release|Any CPU.ActiveCfg = Release|Any CPU
		{E89B9D08-DD2F-4326-B72B-F3634799B11F}.Release|Any CPU.Build.0 = Release|Any CPU
	EndGlobalSection
	GlobalSection(SolutionProperties) = preSolution
		HideSolutionNode = FALSE
	EndGlobalSection
EndGlobal
